{
	"name": "node-query-websocket-provider",
	"version": "0.1.0-alpha.1",
	"lockfileVersion": 1,
	"requires": true,
	"dependencies": {
		"@types/node": {
			"version": "12.11.5",
			"resolved": "https://registry.npmjs.org/@types/node/-/node-12.11.5.tgz",
			"integrity": "sha512-LC8ALj/24PhByn39nr5jnTvpE7MujK8y7LQmV74kHYF5iQ0odCPkMH4IZNZw+cobKfSXqaC8GgegcbIsQpffdA=="
		},
		"@types/ws": {
			"version": "6.0.3",
			"resolved": "https://registry.npmjs.org/@types/ws/-/ws-6.0.3.tgz",
			"integrity": "sha512-yBTM0P05Tx9iXGq00BbJPo37ox68R5vaGTXivs6RGh/BQ6QP5zqZDGWdAO6JbRE/iR1l80xeGAwCQS2nMV9S/w==",
			"requires": {
				"@types/node": "*"
			}
		},
		"async-limiter": {
			"version": "1.0.1",
			"resolved": "https://registry.npmjs.org/async-limiter/-/async-limiter-1.0.1.tgz",
			"integrity": "sha512-csOlWGAcRFJaI6m+F2WKdnMKr4HhdhFVBk0H/QbJFMCr+uO2kwohwXQPxw/9OCxp05r5ghVBFSyioixx3gfkNQ=="
		},
		"ws": {
			"version": "7.2.0",
			"resolved": "https://registry.npmjs.org/ws/-/ws-7.2.0.tgz",
			"integrity": "sha512-+SqNqFbwTm/0DC18KYzIsMTnEWpLwJsiasW/O17la4iDRRIO9uaHbvKiAS3AHgTiuuWerK/brj4O6MYZkei9xg==",
			"requires": {
				"async-limiter": "^1.0.0"
			}
		}
	}
}
